
Microsoft Visual Studio Solution File, Format Version 12.00
# Visual Studio Version 17
VisualStudioVersion = 17.14.36414.22 d17.14
MinimumVisualStudioVersion = 10.0.40219.1
Project("{FAE04EC0-301F-11D3-BF4B-00C04F79EFBC}") = "Products.API", "src\Products.API\Products.API.csproj", "{36D7AD08-1DC8-4403-A6F3-64DCC31F6E9C}"
EndProject
Project("{FAE04EC0-301F-11D3-BF4B-00C04F79EFBC}") = "Users.API", "src\Users.API\Users.API.csproj", "{B5B80891-E9DB-4645-9AB6-A50C317815C5}"
EndProject
Project("{FAE04EC0-301F-11D3-BF4B-00C04F79EFBC}") = "Orders.API", "src\Orders.API\Orders.API.csproj", "{451B6F6B-70E0-41F6-9C50-AB8169757DAA}"
EndProject
Project("{FAE04EC0-301F-11D3-BF4B-00C04F79EFBC}") = "Cart.API", "src\Cart.API\Cart.API.csproj", "{C48A1974-3EF7-45CA-94F2-9B8071B10C8C}"
EndProject
Project("{FAE04EC0-301F-11D3-BF4B-00C04F79EFBC}") = "Notifications.API", "src\Notifications.API\Notifications.API.csproj", "{2B57C8E3-56CD-4CDE-9F1B-6AB9FA315725}"
EndProject
Global
	GlobalSection(SolutionConfigurationPlatforms) = preSolution
		Debug|Any CPU = Debug|Any CPU
		Release|Any CPU = Release|Any CPU
	EndGlobalSection
	GlobalSection(ProjectConfigurationPlatforms) = postSolution
		{36D7AD08-1DC8-4403-A6F3-64DCC31F6E9C}.Debug|Any CPU.ActiveCfg = Debug|Any CPU
		{36D7AD08-1DC8-4403-A6F3-64DCC31F6E9C}.Debug|Any CPU.Build.0 = Debug|Any CPU
		{36D7AD08-1DC8-4403-A6F3-64DCC31F6E9C}.Release|Any CPU.ActiveCfg = Release|Any CPU
		{36D7AD08-1DC8-4403-A6F3-64DCC31F6E9C}.Release|Any CPU.Build.0 = Release|Any CPU
		{B5B80891-E9DB-4645-9AB6-A50C317815C5}.Debug|Any CPU.ActiveCfg = Debug|Any CPU
		{B5B80891-E9DB-4645-9AB6-A50C317815C5}.Debug|Any CPU.Build.0 = Debug|Any CPU
		{B5B80891-E9DB-4645-9AB6-A50C317815C5}.Release|Any CPU.ActiveCfg = Release|Any CPU
		{B5B80891-E9DB-4645-9AB6-A50C317815C5}.Release|Any CPU.Build.0 = Release|Any CPU
		{451B6F6B-70E0-41F6-9C50-AB8169757DAA}.Debug|Any CPU.ActiveCfg = Debug|Any CPU
		{451B6F6B-70E0-41F6-9C50-AB8169757DAA}.Debug|Any CPU.Build.0 = Debug|Any CPU
		{451B6F6B-70E0-41F6-9C50-AB8169757DAA}.Release|Any CPU.ActiveCfg = Release|Any CPU
		{451B6F6B-70E0-41F6-9C50-AB8169757DAA}.Release|Any CPU.Build.0 = Release|Any CPU
		{C48A1974-3EF7-45CA-94F2-9B8071B10C8C}.Debug|Any CPU.ActiveCfg = Debug|Any CPU
		{C48A1974-3EF7-45CA-94F2-9B8071B10C8C}.Debug|Any CPU.Build.0 = Debug|Any CPU
		{C48A1974-3EF7-45CA-94F2-9B8071B10C8C}.Release|Any CPU.ActiveCfg = Release|Any CPU
		{C48A1974-3EF7-45CA-94F2-9B8071B10C8C}.Release|Any CPU.Build.0 = Release|Any CPU
		{2B57C8E3-56CD-4CDE-9F1B-6AB9FA315725}.Debug|Any CPU.ActiveCfg = Debug|Any CPU
		{2B57C8E3-56CD-4CDE-9F1B-6AB9FA315725}.Debug|Any CPU.Build.0 = Debug|Any CPU
		{2B57C8E3-56CD-4CDE-9F1B-6AB9FA315725}.Release|Any CPU.ActiveCfg = Release|Any CPU
		{2B57C8E3-56CD-4CDE-9F1B-6AB9FA315725}.Release|Any CPU.Build.0 = Release|Any CPU
	EndGlobalSection
	GlobalSection(SolutionProperties) = preSolution
		HideSolutionNode = FALSE
	EndGlobalSection
	GlobalSection(ExtensibilityGlobals) = postSolution
		SolutionGuid = {943F81B6-C064-4E86-9442-512A2F25B833}
	EndGlobalSection
EndGlobal
